
Microsoft Visual Studio Solution File, Format Version 12.00
# Visual Studio Version 17
VisualStudioVersion = 17.9.34723.18
MinimumVisualStudioVersion = 10.0.40219.1
Project("{FAE04EC0-301F-11D3-BF4B-00C04F79EFBC}") = "InstrumenteMuzicale", "InstrumenteMuzicale\InstrumenteMuzicale.csproj", "{4FC3692E-680B-4F38-85A8-81D505E6CEA6}"
EndProject
Project("{FAE04EC0-301F-11D3-BF4B-00C04F79EFBC}") = "InterfataUtilizator_WindowsForms", "InterfataUtilizator_WindowsForms\InterfataUtilizator_WindowsForms.csproj", "{2C2098A7-A59F-4662-AA66-112BF47CDA19}"
EndProject
Project("{FAE04EC0-301F-11D3-BF4B-00C04F79EFBC}") = "LibrarieModele", "LibrarieModele\LibrarieModele.csproj", "{454CDF20-5D81-43ED-AD96-FF5DF4124099}"
EndProject
Project("{FAE04EC0-301F-11D3-BF4B-00C04F79EFBC}") = "NivelStocareDate", "NivelStocareDate\NivelStocareDate.csproj", "{7ECE0E9E-B0A4-487B-B596-7A22C55FF3C9}"
EndProject
Global
	GlobalSection(SolutionConfigurationPlatforms) = preSolution
		Debug|Any CPU = Debug|Any CPU
		Release|Any CPU = Release|Any CPU
	EndGlobalSection
	GlobalSection(ProjectConfigurationPlatforms) = postSolution
		{4FC3692E-680B-4F38-85A8-81D505E6CEA6}.Debug|Any CPU.ActiveCfg = Debug|Any CPU
		{4FC3692E-680B-4F38-85A8-81D505E6CEA6}.Debug|Any CPU.Build.0 = Debug|Any CPU
		{4FC3692E-680B-4F38-85A8-81D505E6CEA6}.Release|Any CPU.ActiveCfg = Release|Any CPU
		{4FC3692E-680B-4F38-85A8-81D505E6CEA6}.Release|Any CPU.Build.0 = Release|Any CPU
		{2C2098A7-A59F-4662-AA66-112BF47CDA19}.Debug|Any CPU.ActiveCfg = Debug|Any CPU
		{2C2098A7-A59F-4662-AA66-112BF47CDA19}.Debug|Any CPU.Build.0 = Debug|Any CPU
		{2C2098A7-A59F-4662-AA66-112BF47CDA19}.Release|Any CPU.ActiveCfg = Release|Any CPU
		{2C2098A7-A59F-4662-AA66-112BF47CDA19}.Release|Any CPU.Build.0 = Release|Any CPU
		{454CDF20-5D81-43ED-AD96-FF5DF4124099}.Debug|Any CPU.ActiveCfg = Debug|Any CPU
		{454CDF20-5D81-43ED-AD96-FF5DF4124099}.Debug|Any CPU.Build.0 = Debug|Any CPU
		{454CDF20-5D81-43ED-AD96-FF5DF4124099}.Release|Any CPU.ActiveCfg = Release|Any CPU
		{454CDF20-5D81-43ED-AD96-FF5DF4124099}.Release|Any CPU.Build.0 = Release|Any CPU
		{7ECE0E9E-B0A4-487B-B596-7A22C55FF3C9}.Debug|Any CPU.ActiveCfg = Debug|Any CPU
		{7ECE0E9E-B0A4-487B-B596-7A22C55FF3C9}.Debug|Any CPU.Build.0 = Debug|Any CPU
		{7ECE0E9E-B0A4-487B-B596-7A22C55FF3C9}.Release|Any CPU.ActiveCfg = Release|Any CPU
		{7ECE0E9E-B0A4-487B-B596-7A22C55FF3C9}.Release|Any CPU.Build.0 = Release|Any CPU
	EndGlobalSection
	GlobalSection(SolutionProperties) = preSolution
		HideSolutionNode = FALSE
	EndGlobalSection
	GlobalSection(ExtensibilityGlobals) = postSolution
		SolutionGuid = {4AF2EA06-8F6B-459A-B386-668A3EF96969}
	EndGlobalSection
EndGlobal
